PODS:
  - Alamofire (4.5.1)
  - HandyJSON (4.0.0-beta.1)
  - IQKeyboardManagerSwift (5.0.0)
  - Moya (9.0.0):
    - Moya/Core (= 9.0.0)
  - Moya/Core (9.0.0):
    - Alamofire (~> 4.1)
    - Result (~> 3.0)
  - Result (3.2.3)
  - SnapKit (4.0.0)

DEPENDENCIES:
  - Alamofire (~> 4.5.1)
  - HandyJSON (~> 4.0.0-beta.1)
  - IQKeyboardManagerSwift (= 5.0.0)
  - Moya (~> 9.0.0)
  - SnapKit (~> 4.0.0)

SPEC CHECKSUMS:
  Alamofire: 2d95912bf4c34f164fdfc335872e8c312acaea4a
  HandyJSON: 428bb18e2c34c2a77361accebf90cf64e4f74118
  IQKeyboardManagerSwift: 3f340202ebe1a7076279b9b9b3c817243ddb3aab
  Moya: cf5e6ee93af526532f92614004b8ad2ea60fd845
  Result: 128640a6347e8d2ae48b142556739a2d13f90ce6
  SnapKit: a42d492c16e80209130a3379f73596c3454b7694

PODFILE CHECKSUM: 37945a24c062ca46f1bbbefcc9ccc4699796474c

COCOAPODS: 1.2.1
