// !$*UTF8*$!
{
	archiveVersion = 1;
	classes = {
	};
	objectVersion = 46;
	objects = {

/* Begin PBXBuildFile section */
		351572781F9303B700AFCA8F /* UYRegisterViewController.swift in Sources */ = {isa = PBXBuildFile; fileRef = 351572761F9303B700AFCA8F /* UYRegisterViewController.swift */; };
		3515727B1F9306A600AFCA8F /* UIViewController+Extension.swift in Sources */ = {isa = PBXBuildFile; fileRef = 3515727A1F9306A600AFCA8F /* UIViewController+Extension.swift */; };
		3517C1301F7DF037008E49AC /* IQKeyboardManagerSwift.framework in Frameworks */ = {isa = PBXBuildFile; fileRef = 3517C1331F7DF037008E49AC /* IQKeyboardManagerSwift.framework */; };
		3517C1311F7DF037008E49AC /* Moya.framework in Frameworks */ = {isa = PBXBuildFile; fileRef = 3517C1341F7DF037008E49AC /* Moya.framework */; };
		3517C1321F7DF037008E49AC /* Result.framework in Frameworks */ = {isa = PBXBuildFile; fileRef = 3517C1351F7DF037008E49AC /* Result.framework */; };
		3517C1381F7DF5D9008E49AC /* SRToast.swift in Sources */ = {isa = PBXBuildFile; fileRef = 3517C1371F7DF5D9008E49AC /* SRToast.swift */; };
		3517C13A1F7DF5F1008E49AC /* SRCycleProgressView.swift in Sources */ = {isa = PBXBuildFile; fileRef = 3517C1391F7DF5F1008E49AC /* SRCycleProgressView.swift */; };
		351AA42F1F8B8EA1000782F7 /* UYHomeModel.swift in Sources */ = {isa = PBXBuildFile; fileRef = 351AA42E1F8B8EA1000782F7 /* UYHomeModel.swift */; };
		354A74881F735B2A000906CA /* Alamofire.framework in Frameworks */ = {isa = PBXBuildFile; fileRef = 354A748B1F735B2A000906CA /* Alamofire.framework */; };
		354A74891F735B2A000906CA /* HandyJSON.framework in Frameworks */ = {isa = PBXBuildFile; fileRef = 354A748C1F735B2A000906CA /* HandyJSON.framework */; };
		354A748A1F735B2A000906CA /* SnapKit.framework in Frameworks */ = {isa = PBXBuildFile; fileRef = 354A748D1F735B2A000906CA /* SnapKit.framework */; };
		354D08BC1F908C140024414E /* UYUserInfo.swift in Sources */ = {isa = PBXBuildFile; fileRef = 354D08BB1F908C140024414E /* UYUserInfo.swift */; };
		354D08BF1F90A6770024414E /* UYLocationManager.swift in Sources */ = {isa = PBXBuildFile; fileRef = 354D08BE1F90A6770024414E /* UYLocationManager.swift */; };
		354E34121F6CF862009CFCE4 /* AppDelegate.swift in Sources */ = {isa = PBXBuildFile; fileRef = 354E34111F6CF862009CFCE4 /* AppDelegate.swift */; };
		354E34191F6CF862009CFCE4 /* Assets.xcassets in Resources */ = {isa = PBXBuildFile; fileRef = 354E34181F6CF862009CFCE4 /* Assets.xcassets */; };
		354E343E1F6D3CD2009CFCE4 /* String+Extension.swift in Sources */ = {isa = PBXBuildFile; fileRef = 354E34371F6D3CD1009CFCE4 /* String+Extension.swift */; };
		354E343F1F6D3CD2009CFCE4 /* UIBarButtonItem+Extension.swift in Sources */ = {isa = PBXBuildFile; fileRef = 354E34381F6D3CD1009CFCE4 /* UIBarButtonItem+Extension.swift */; };
		354E34401F6D3CD2009CFCE4 /* UIButton+Extension.swift in Sources */ = {isa = PBXBuildFile; fileRef = 354E34391F6D3CD1009CFCE4 /* UIButton+Extension.swift */; };
		354E34411F6D3CD2009CFCE4 /* UIColor+Extension.swift in Sources */ = {isa = PBXBuildFile; fileRef = 354E343A1F6D3CD1009CFCE4 /* UIColor+Extension.swift */; };
		354E34421F6D3CD2009CFCE4 /* UIFont+Extension.swift in Sources */ = {isa = PBXBuildFile; fileRef = 354E343B1F6D3CD1009CFCE4 /* UIFont+Extension.swift */; };
		354E34431F6D3CD2009CFCE4 /* UITableViewCell+Extension.swift in Sources */ = {isa = PBXBuildFile; fileRef = 354E343C1F6D3CD2009CFCE4 /* UITableViewCell+Extension.swift */; };
		354E34441F6D3CD2009CFCE4 /* UIView+Extension.swift in Sources */ = {isa = PBXBuildFile; fileRef = 354E343D1F6D3CD2009CFCE4 /* UIView+Extension.swift */; };
		354E34471F6D3E11009CFCE4 /* UYNavigationController.swift in Sources */ = {isa = PBXBuildFile; fileRef = 354E34461F6D3E11009CFCE4 /* UYNavigationController.swift */; };
		354E34491F6D3E43009CFCE4 /* UYBaseViewController.swift in Sources */ = {isa = PBXBuildFile; fileRef = 354E34481F6D3E42009CFCE4 /* UYBaseViewController.swift */; };
		354E344C1F6D3ED9009CFCE4 /* UYConfiguration.swift in Sources */ = {isa = PBXBuildFile; fileRef = 354E344B1F6D3ED9009CFCE4 /* UYConfiguration.swift */; };
		354E34501F6D3F9B009CFCE4 /* UYTabBarController.swift in Sources */ = {isa = PBXBuildFile; fileRef = 354E344F1F6D3F9B009CFCE4 /* UYTabBarController.swift */; };
		354E34571F6D4284009CFCE4 /* UYWebViewController.swift in Sources */ = {isa = PBXBuildFile; fileRef = 354E34561F6D4284009CFCE4 /* UYWebViewController.swift */; };
		3552609D1F6F5D7C00F8734A /* UYHomeViewController.swift in Sources */ = {isa = PBXBuildFile; fileRef = 3552609C1F6F5D7C00F8734A /* UYHomeViewController.swift */; };
		3552609F1F6F5DB000F8734A /* UYUserViewController.swift in Sources */ = {isa = PBXBuildFile; fileRef = 3552609E1F6F5DB000F8734A /* UYUserViewController.swift */; };
		355260A11F6F5DBE00F8734A /* UYEmployViewController.swift in Sources */ = {isa = PBXBuildFile; fileRef = 355260A01F6F5DBE00F8734A /* UYEmployViewController.swift */; };
		355260A81F6F65FE00F8734A /* UYNetRequest.swift in Sources */ = {isa = PBXBuildFile; fileRef = 355260A71F6F65FE00F8734A /* UYNetRequest.swift */; };
		355260AA1F6F662200F8734A /* UYRequestConfig.swift in Sources */ = {isa = PBXBuildFile; fileRef = 355260A91F6F662200F8734A /* UYRequestConfig.swift */; };
		355260AC1F6F663300F8734A /* UYRequestManager.swift in Sources */ = {isa = PBXBuildFile; fileRef = 355260AB1F6F663300F8734A /* UYRequestManager.swift */; };
		355260AE1F6F664700F8734A /* UYRequestError.swift in Sources */ = {isa = PBXBuildFile; fileRef = 355260AD1F6F664700F8734A /* UYRequestError.swift */; };
		355260B01F6F665800F8734A /* UYBaseModel.swift in Sources */ = {isa = PBXBuildFile; fileRef = 355260AF1F6F665800F8734A /* UYBaseModel.swift */; };
		356521BF1F91D5C200175734 /* UYUserTableViewCell.swift in Sources */ = {isa = PBXBuildFile; fileRef = 356521BD1F91D5C200175734 /* UYUserTableViewCell.swift */; };
		356521C01F91D5C200175734 /* UYUserTableViewCell.xib in Resources */ = {isa = PBXBuildFile; fileRef = 356521BE1F91D5C200175734 /* UYUserTableViewCell.xib */; };
		356521C91F91E20000175734 /* UYCustomSimpleTableCell.swift in Sources */ = {isa = PBXBuildFile; fileRef = 356521C71F91E20000175734 /* UYCustomSimpleTableCell.swift */; };
		356521CA1F91E20000175734 /* UYCustomSimpleTableCell.xib in Resources */ = {isa = PBXBuildFile; fileRef = 356521C81F91E20000175734 /* UYCustomSimpleTableCell.xib */; };
		35BCD6B11F8E13B900C3469F /* UYOrganiseList.swift in Sources */ = {isa = PBXBuildFile; fileRef = 35BCD6B01F8E13B900C3469F /* UYOrganiseList.swift */; };
		35D253E61F91E68800945017 /* UYTableFooterView.swift in Sources */ = {isa = PBXBuildFile; fileRef = 35D253E51F91E68800945017 /* UYTableFooterView.swift */; };
		35D253E81F91E92000945017 /* UIImage+Extension.swift in Sources */ = {isa = PBXBuildFile; fileRef = 35D253E71F91E92000945017 /* UIImage+Extension.swift */; };
		35D253EE1F91F91400945017 /* UYLoginViewController.swift in Sources */ = {isa = PBXBuildFile; fileRef = 35D253ED1F91F91400945017 /* UYLoginViewController.swift */; };
		A20D203223A92CD788AFA2A5 /* Pods_uye.framework in Frameworks */ = {isa = PBXBuildFile; fileRef = 24262430B6035025E7355646 /* Pods_uye.framework */; };
/* End PBXBuildFile section */

/* Begin PBXFileReference section */
		12160BFF0D29DE99B9C1AF4D /* Pods-uye.release.xcconfig */ = {isa = PBXFileReference; includeInIndex = 1; lastKnownFileType = text.xcconfig; name = "Pods-uye.release.xcconfig"; path = "Pods/Target Support Files/Pods-uye/Pods-uye.release.xcconfig"; sourceTree = "<group>"; };
		1D19E058FE32AE5E02149D6F /* Pods-uye.debug.xcconfig */ = {isa = PBXFileReference; includeInIndex = 1; lastKnownFileType = text.xcconfig; name = "Pods-uye.debug.xcconfig"; path = "Pods/Target Support Files/Pods-uye/Pods-uye.debug.xcconfig"; sourceTree = "<group>"; };
		24262430B6035025E7355646 /* Pods_uye.framework */ = {isa = PBXFileReference; explicitFileType = wrapper.framework; includeInIndex = 0; path = Pods_uye.framework; sourceTree = BUILT_PRODUCTS_DIR; };
		351572761F9303B700AFCA8F /* UYRegisterViewController.swift */ = {isa = PBXFileReference; lastKnownFileType = sourcecode.swift; path = UYRegisterViewController.swift; sourceTree = "<group>"; };
		3515727A1F9306A600AFCA8F /* UIViewController+Extension.swift */ = {isa = PBXFileReference; lastKnownFileType = sourcecode.swift; path = "UIViewController+Extension.swift"; sourceTree = "<group>"; };
		3517C1331F7DF037008E49AC /* IQKeyboardManagerSwift.framework */ = {isa = PBXFileReference; explicitFileType = wrapper.framework; path = IQKeyboardManagerSwift.framework; sourceTree = BUILT_PRODUCTS_DIR; };
		3517C1341F7DF037008E49AC /* Moya.framework */ = {isa = PBXFileReference; explicitFileType = wrapper.framework; path = Moya.framework; sourceTree = BUILT_PRODUCTS_DIR; };
		3517C1351F7DF037008E49AC /* Result.framework */ = {isa = PBXFileReference; explicitFileType = wrapper.framework; path = Result.framework; sourceTree = BUILT_PRODUCTS_DIR; };
		3517C1371F7DF5D9008E49AC /* SRToast.swift */ = {isa = PBXFileReference; lastKnownFileType = sourcecode.swift; path = SRToast.swift; sourceTree = "<group>"; };
		3517C1391F7DF5F1008E49AC /* SRCycleProgressView.swift */ = {isa = PBXFileReference; lastKnownFileType = sourcecode.swift; path = SRCycleProgressView.swift; sourceTree = "<group>"; };
		351AA42E1F8B8EA1000782F7 /* UYHomeModel.swift */ = {isa = PBXFileReference; lastKnownFileType = sourcecode.swift; path = UYHomeModel.swift; sourceTree = "<group>"; };
		354A748B1F735B2A000906CA /* Alamofire.framework */ = {isa = PBXFileReference; explicitFileType = wrapper.framework; path = Alamofire.framework; sourceTree = BUILT_PRODUCTS_DIR; };
		354A748C1F735B2A000906CA /* HandyJSON.framework */ = {isa = PBXFileReference; explicitFileType = wrapper.framework; path = HandyJSON.framework; sourceTree = BUILT_PRODUCTS_DIR; };
		354A748D1F735B2A000906CA /* SnapKit.framework */ = {isa = PBXFileReference; explicitFileType = wrapper.framework; path = SnapKit.framework; sourceTree = BUILT_PRODUCTS_DIR; };
		354D08BB1F908C140024414E /* UYUserInfo.swift */ = {isa = PBXFileReference; lastKnownFileType = sourcecode.swift; path = UYUserInfo.swift; sourceTree = "<group>"; };
		354D08BE1F90A6770024414E /* UYLocationManager.swift */ = {isa = PBXFileReference; lastKnownFileType = sourcecode.swift; path = UYLocationManager.swift; sourceTree = "<group>"; };
		354E340E1F6CF862009CFCE4 /* uye.app */ = {isa = PBXFileReference; explicitFileType = wrapper.application; includeInIndex = 0; path = uye.app; sourceTree = BUILT_PRODUCTS_DIR; };
		354E34111F6CF862009CFCE4 /* AppDelegate.swift */ = {isa = PBXFileReference; lastKnownFileType = sourcecode.swift; path = AppDelegate.swift; sourceTree = "<group>"; };
		354E34181F6CF862009CFCE4 /* Assets.xcassets */ = {isa = PBXFileReference; lastKnownFileType = folder.assetcatalog; path = Assets.xcassets; sourceTree = "<group>"; };
		354E341D1F6CF862009CFCE4 /* Info.plist */ = {isa = PBXFileReference; lastKnownFileType = text.plist.xml; path = Info.plist; sourceTree = "<group>"; };
		354E34371F6D3CD1009CFCE4 /* String+Extension.swift */ = {isa = PBXFileReference; fileEncoding = 4; lastKnownFileType = sourcecode.swift; path = "String+Extension.swift"; sourceTree = "<group>"; };
		354E34381F6D3CD1009CFCE4 /* UIBarButtonItem+Extension.swift */ = {isa = PBXFileReference; fileEncoding = 4; lastKnownFileType = sourcecode.swift; path = "UIBarButtonItem+Extension.swift"; sourceTree = "<group>"; };
		354E34391F6D3CD1009CFCE4 /* UIButton+Extension.swift */ = {isa = PBXFileReference; fileEncoding = 4; lastKnownFileType = sourcecode.swift; path = "UIButton+Extension.swift"; sourceTree = "<group>"; };
		354E343A1F6D3CD1009CFCE4 /* UIColor+Extension.swift */ = {isa = PBXFileReference; fileEncoding = 4; lastKnownFileType = sourcecode.swift; path = "UIColor+Extension.swift"; sourceTree = "<group>"; };
		354E343B1F6D3CD1009CFCE4 /* UIFont+Extension.swift */ = {isa = PBXFileReference; fileEncoding = 4; lastKnownFileType = sourcecode.swift; path = "UIFont+Extension.swift"; sourceTree = "<group>"; };
		354E343C1F6D3CD2009CFCE4 /* UITableViewCell+Extension.swift */ = {isa = PBXFileReference; fileEncoding = 4; lastKnownFileType = sourcecode.swift; path = "UITableViewCell+Extension.swift"; sourceTree = "<group>"; };
		354E343D1F6D3CD2009CFCE4 /* UIView+Extension.swift */ = {isa = PBXFileReference; fileEncoding = 4; lastKnownFileType = sourcecode.swift; path = "UIView+Extension.swift"; sourceTree = "<group>"; };
		354E34461F6D3E11009CFCE4 /* UYNavigationController.swift */ = {isa = PBXFileReference; fileEncoding = 4; lastKnownFileType = sourcecode.swift; path = UYNavigationController.swift; sourceTree = "<group>"; };
		354E34481F6D3E42009CFCE4 /* UYBaseViewController.swift */ = {isa = PBXFileReference; fileEncoding = 4; lastKnownFileType = sourcecode.swift; path = UYBaseViewController.swift; sourceTree = "<group>"; };
		354E344B1F6D3ED9009CFCE4 /* UYConfiguration.swift */ = {isa = PBXFileReference; fileEncoding = 4; lastKnownFileType = sourcecode.swift; path = UYConfiguration.swift; sourceTree = "<group>"; };
		354E344F1F6D3F9B009CFCE4 /* UYTabBarController.swift */ = {isa = PBXFileReference; fileEncoding = 4; lastKnownFileType = sourcecode.swift; path = UYTabBarController.swift; sourceTree = "<group>"; };
		354E34561F6D4284009CFCE4 /* UYWebViewController.swift */ = {isa = PBXFileReference; fileEncoding = 4; lastKnownFileType = sourcecode.swift; path = UYWebViewController.swift; sourceTree = "<group>"; };
		3552609C1F6F5D7C00F8734A /* UYHomeViewController.swift */ = {isa = PBXFileReference; fileEncoding = 4; lastKnownFileType = sourcecode.swift; path = UYHomeViewController.swift; sourceTree = "<group>"; };
		3552609E1F6F5DB000F8734A /* UYUserViewController.swift */ = {isa = PBXFileReference; fileEncoding = 4; lastKnownFileType = sourcecode.swift; path = UYUserViewController.swift; sourceTree = "<group>"; };
		355260A01F6F5DBE00F8734A /* UYEmployViewController.swift */ = {isa = PBXFileReference; fileEncoding = 4; lastKnownFileType = sourcecode.swift; path = UYEmployViewController.swift; sourceTree = "<group>"; };
		355260A21F6F5E8700F8734A /* uye-Bridging-Header.h */ = {isa = PBXFileReference; lastKnownFileType = sourcecode.c.h; path = "uye-Bridging-Header.h"; sourceTree = "<group>"; };
		355260A71F6F65FE00F8734A /* UYNetRequest.swift */ = {isa = PBXFileReference; fileEncoding = 4; lastKnownFileType = sourcecode.swift; path = UYNetRequest.swift; sourceTree = "<group>"; };
		355260A91F6F662200F8734A /* UYRequestConfig.swift */ = {isa = PBXFileReference; fileEncoding = 4; lastKnownFileType = sourcecode.swift; path = UYRequestConfig.swift; sourceTree = "<group>"; };
		355260AB1F6F663300F8734A /* UYRequestManager.swift */ = {isa = PBXFileReference; fileEncoding = 4; lastKnownFileType = sourcecode.swift; path = UYRequestManager.swift; sourceTree = "<group>"; };
		355260AD1F6F664700F8734A /* UYRequestError.swift */ = {isa = PBXFileReference; fileEncoding = 4; lastKnownFileType = sourcecode.swift; path = UYRequestError.swift; sourceTree = "<group>"; };
		355260AF1F6F665800F8734A /* UYBaseModel.swift */ = {isa = PBXFileReference; fileEncoding = 4; lastKnownFileType = sourcecode.swift; path = UYBaseModel.swift; sourceTree = "<group>"; };
		356521BD1F91D5C200175734 /* UYUserTableViewCell.swift */ = {isa = PBXFileReference; lastKnownFileType = sourcecode.swift; path = UYUserTableViewCell.swift; sourceTree = "<group>"; };
		356521BE1F91D5C200175734 /* UYUserTableViewCell.xib */ = {isa = PBXFileReference; lastKnownFileType = file.xib; path = UYUserTableViewCell.xib; sourceTree = "<group>"; };
		356521C71F91E20000175734 /* UYCustomSimpleTableCell.swift */ = {isa = PBXFileReference; lastKnownFileType = sourcecode.swift; path = UYCustomSimpleTableCell.swift; sourceTree = "<group>"; };
		356521C81F91E20000175734 /* UYCustomSimpleTableCell.xib */ = {isa = PBXFileReference; lastKnownFileType = file.xib; path = UYCustomSimpleTableCell.xib; sourceTree = "<group>"; };
		35BCD6B01F8E13B900C3469F /* UYOrganiseList.swift */ = {isa = PBXFileReference; lastKnownFileType = sourcecode.swift; path = UYOrganiseList.swift; sourceTree = "<group>"; };
		35D253E51F91E68800945017 /* UYTableFooterView.swift */ = {isa = PBXFileReference; lastKnownFileType = sourcecode.swift; path = UYTableFooterView.swift; sourceTree = "<group>"; };
		35D253E71F91E92000945017 /* UIImage+Extension.swift */ = {isa = PBXFileReference; lastKnownFileType = sourcecode.swift; path = "UIImage+Extension.swift"; sourceTree = "<group>"; };
		35D253ED1F91F91400945017 /* UYLoginViewController.swift */ = {isa = PBXFileReference; lastKnownFileType = sourcecode.swift; path = UYLoginViewController.swift; sourceTree = "<group>"; };
/* End PBXFileReference section */

/* Begin PBXFrameworksBuildPhase section */
		354E340B1F6CF862009CFCE4 /* Frameworks */ = {
			isa = PBXFrameworksBuildPhase;
			buildActionMask = 2147483647;
			files = (
				3517C1301F7DF037008E49AC /* IQKeyboardManagerSwift.framework in Frameworks */,
				3517C1311F7DF037008E49AC /* Moya.framework in Frameworks */,
				3517C1321F7DF037008E49AC /* Result.framework in Frameworks */,
				354A74881F735B2A000906CA /* Alamofire.framework in Frameworks */,
				354A74891F735B2A000906CA /* HandyJSON.framework in Frameworks */,
				354A748A1F735B2A000906CA /* SnapKit.framework in Frameworks */,
				A20D203223A92CD788AFA2A5 /* Pods_uye.framework in Frameworks */,
			);
			runOnlyForDeploymentPostprocessing = 0;
		};
/* End PBXFrameworksBuildPhase section */

/* Begin PBXGroup section */
		1FA9AEF4B9E3741373006DC5 /* Frameworks */ = {
			isa = PBXGroup;
			children = (
				3517C1331F7DF037008E49AC /* IQKeyboardManagerSwift.framework */,
				3517C1341F7DF037008E49AC /* Moya.framework */,
				3517C1351F7DF037008E49AC /* Result.framework */,
				354A748B1F735B2A000906CA /* Alamofire.framework */,
				354A748C1F735B2A000906CA /* HandyJSON.framework */,
				354A748D1F735B2A000906CA /* SnapKit.framework */,
				24262430B6035025E7355646 /* Pods_uye.framework */,
			);
			name = Frameworks;
			sourceTree = "<group>";
		};
		3517C1361F7DF444008E49AC /* SRToastView */ = {
			isa = PBXGroup;
			children = (
				3517C1371F7DF5D9008E49AC /* SRToast.swift */,
				3517C1391F7DF5F1008E49AC /* SRCycleProgressView.swift */,
			);
			path = SRToastView;
			sourceTree = "<group>";
		};
		354D08BD1F90A6560024414E /* LocationManager */ = {
			isa = PBXGroup;
			children = (
				354D08BE1F90A6770024414E /* UYLocationManager.swift */,
			);
			path = LocationManager;
			sourceTree = "<group>";
		};
		354E34051F6CF862009CFCE4 = {
			isa = PBXGroup;
			children = (
				354E34101F6CF862009CFCE4 /* uye */,
				354E340F1F6CF862009CFCE4 /* Products */,
				D6CBEA07A62221E6F131E73A /* Pods */,
				1FA9AEF4B9E3741373006DC5 /* Frameworks */,
			);
			sourceTree = "<group>";
		};
		354E340F1F6CF862009CFCE4 /* Products */ = {
			isa = PBXGroup;
			children = (
				354E340E1F6CF862009CFCE4 /* uye.app */,
			);
			name = Products;
			sourceTree = "<group>";
		};
		354E34101F6CF862009CFCE4 /* uye */ = {
			isa = PBXGroup;
			children = (
				354E34451F6D3DC2009CFCE4 /* Modules */,
				354E34351F6D3CA9009CFCE4 /* Tools */,
				354E34261F6D3A7D009CFCE4 /* BaseControllers */,
				354E34111F6CF862009CFCE4 /* AppDelegate.swift */,
				354E34181F6CF862009CFCE4 /* Assets.xcassets */,
				354E341D1F6CF862009CFCE4 /* Info.plist */,
				355260A21F6F5E8700F8734A /* uye-Bridging-Header.h */,
			);
			path = uye;
			sourceTree = "<group>";
		};
		354E34261F6D3A7D009CFCE4 /* BaseControllers */ = {
			isa = PBXGroup;
			children = (
				354E34461F6D3E11009CFCE4 /* UYNavigationController.swift */,
				354E34481F6D3E42009CFCE4 /* UYBaseViewController.swift */,
				354E344F1F6D3F9B009CFCE4 /* UYTabBarController.swift */,
			);
			path = BaseControllers;
			sourceTree = "<group>";
		};
		354E34351F6D3CA9009CFCE4 /* Tools */ = {
			isa = PBXGroup;
			children = (
				35D253E41F91E65A00945017 /* TableFooterView */,
				354D08BD1F90A6560024414E /* LocationManager */,
				3517C1361F7DF444008E49AC /* SRToastView */,
				355237C31F7248A10041B5BD /* Third */,
				355260A61F6F62AB00F8734A /* UYNetRequest */,
				354E344A1F6D3EBF009CFCE4 /* Configuration */,
				354E34361F6D3CD1009CFCE4 /* Extension */,
			);
			path = Tools;
			sourceTree = "<group>";
		};
		354E34361F6D3CD1009CFCE4 /* Extension */ = {
			isa = PBXGroup;
			children = (
				354E34371F6D3CD1009CFCE4 /* String+Extension.swift */,
				354E34381F6D3CD1009CFCE4 /* UIBarButtonItem+Extension.swift */,
				354E34391F6D3CD1009CFCE4 /* UIButton+Extension.swift */,
				354E343A1F6D3CD1009CFCE4 /* UIColor+Extension.swift */,
				354E343B1F6D3CD1009CFCE4 /* UIFont+Extension.swift */,
				354E343C1F6D3CD2009CFCE4 /* UITableViewCell+Extension.swift */,
				354E343D1F6D3CD2009CFCE4 /* UIView+Extension.swift */,
				35D253E71F91E92000945017 /* UIImage+Extension.swift */,
				3515727A1F9306A600AFCA8F /* UIViewController+Extension.swift */,
			);
			path = Extension;
			sourceTree = "<group>";
		};
		354E34451F6D3DC2009CFCE4 /* Modules */ = {
			isa = PBXGroup;
			children = (
				35D253E91F91F43600945017 /* Login&Register */,
				35BCD6AD1F8E129700C3469F /* OrganiseModule */,
				354E34551F6D4256009CFCE4 /* WebView */,
				354E34541F6D416E009CFCE4 /* EmployModule */,
				354E34531F6D4147009CFCE4 /* UserModule */,
				354E34511F6D3FB0009CFCE4 /* HomeModule */,
			);
			path = Modules;
			sourceTree = "<group>";
		};
		354E344A1F6D3EBF009CFCE4 /* Configuration */ = {
			isa = PBXGroup;
			children = (
				354E344B1F6D3ED9009CFCE4 /* UYConfiguration.swift */,
			);
			path = Configuration;
			sourceTree = "<group>";
		};
		354E34511F6D3FB0009CFCE4 /* HomeModule */ = {
			isa = PBXGroup;
			children = (
				3552609B1F6F5D1000F8734A /* Model */,
				355260961F6F5C5600F8734A /* ViewController */,
			);
			path = HomeModule;
			sourceTree = "<group>";
		};
		354E34531F6D4147009CFCE4 /* UserModule */ = {
			isa = PBXGroup;
			children = (
				356521BA1F91C91300175734 /* View */,
				3552609A1F6F5D0D00F8734A /* Model */,
				355260971F6F5C6200F8734A /* ViewController */,
			);
			path = UserModule;
			sourceTree = "<group>";
		};
		354E34541F6D416E009CFCE4 /* EmployModule */ = {
			isa = PBXGroup;
			children = (
				355260991F6F5CA300F8734A /* Model */,
				355260981F6F5C6500F8734A /* ViewController */,
			);
			path = EmployModule;
			sourceTree = "<group>";
		};
		354E34551F6D4256009CFCE4 /* WebView */ = {
			isa = PBXGroup;
			children = (
				354E34561F6D4284009CFCE4 /* UYWebViewController.swift */,
			);
			path = WebView;
			sourceTree = "<group>";
		};
		355237C31F7248A10041B5BD /* Third */ = {
			isa = PBXGroup;
			children = (
			);
			path = Third;
			sourceTree = "<group>";
		};
		355260961F6F5C5600F8734A /* ViewController */ = {
			isa = PBXGroup;
			children = (
				3552609C1F6F5D7C00F8734A /* UYHomeViewController.swift */,
			);
			path = ViewController;
			sourceTree = "<group>";
		};
		355260971F6F5C6200F8734A /* ViewController */ = {
			isa = PBXGroup;
			children = (
				3552609E1F6F5DB000F8734A /* UYUserViewController.swift */,
			);
			path = ViewController;
			sourceTree = "<group>";
		};
		355260981F6F5C6500F8734A /* ViewController */ = {
			isa = PBXGroup;
			children = (
				355260A01F6F5DBE00F8734A /* UYEmployViewController.swift */,
			);
			path = ViewController;
			sourceTree = "<group>";
		};
		355260991F6F5CA300F8734A /* Model */ = {
			isa = PBXGroup;
			children = (
			);
			path = Model;
			sourceTree = "<group>";
		};
		3552609A1F6F5D0D00F8734A /* Model */ = {
			isa = PBXGroup;
			children = (
				354D08BB1F908C140024414E /* UYUserInfo.swift */,
			);
			path = Model;
			sourceTree = "<group>";
		};
		3552609B1F6F5D1000F8734A /* Model */ = {
			isa = PBXGroup;
			children = (
				351AA42E1F8B8EA1000782F7 /* UYHomeModel.swift */,
			);
			path = Model;
			sourceTree = "<group>";
		};
		355260A61F6F62AB00F8734A /* UYNetRequest */ = {
			isa = PBXGroup;
			children = (
				355260A71F6F65FE00F8734A /* UYNetRequest.swift */,
				355260A91F6F662200F8734A /* UYRequestConfig.swift */,
				355260AB1F6F663300F8734A /* UYRequestManager.swift */,
				355260AD1F6F664700F8734A /* UYRequestError.swift */,
				355260AF1F6F665800F8734A /* UYBaseModel.swift */,
			);
			path = UYNetRequest;
			sourceTree = "<group>";
		};
		356521BA1F91C91300175734 /* View */ = {
			isa = PBXGroup;
			children = (
				356521BD1F91D5C200175734 /* UYUserTableViewCell.swift */,
				356521BE1F91D5C200175734 /* UYUserTableViewCell.xib */,
				356521C71F91E20000175734 /* UYCustomSimpleTableCell.swift */,
				356521C81F91E20000175734 /* UYCustomSimpleTableCell.xib */,
			);
			path = View;
			sourceTree = "<group>";
		};
		35BCD6AD1F8E129700C3469F /* OrganiseModule */ = {
			isa = PBXGroup;
			children = (
				35BCD6AF1F8E138A00C3469F /* Models */,
				35BCD6AE1F8E138100C3469F /* ViewController */,
			);
			path = OrganiseModule;
			sourceTree = "<group>";
		};
		35BCD6AE1F8E138100C3469F /* ViewController */ = {
			isa = PBXGroup;
			children = (
			);
			path = ViewController;
			sourceTree = "<group>";
		};
		35BCD6AF1F8E138A00C3469F /* Models */ = {
			isa = PBXGroup;
			children = (
				35BCD6B01F8E13B900C3469F /* UYOrganiseList.swift */,
			);
			path = Models;
			sourceTree = "<group>";
		};
		35D253E41F91E65A00945017 /* TableFooterView */ = {
			isa = PBXGroup;
			children = (
				35D253E51F91E68800945017 /* UYTableFooterView.swift */,
			);
			path = TableFooterView;
			sourceTree = "<group>";
		};
		35D253E91F91F43600945017 /* Login&Register */ = {
			isa = PBXGroup;
			children = (
				35D253EC1F91F45600945017 /* Views */,
				35D253EB1F91F45100945017 /* Model */,
				35D253EA1F91F44800945017 /* ViewController */,
			);
			path = "Login&Register";
			sourceTree = "<group>";
		};
		35D253EA1F91F44800945017 /* ViewController */ = {
			isa = PBXGroup;
			children = (
				35D253ED1F91F91400945017 /* UYLoginViewController.swift */,
				351572761F9303B700AFCA8F /* UYRegisterViewController.swift */,
			);
			path = ViewController;
			sourceTree = "<group>";
		};
		35D253EB1F91F45100945017 /* Model */ = {
			isa = PBXGroup;
			children = (
			);
			path = Model;
			sourceTree = "<group>";
		};
		35D253EC1F91F45600945017 /* Views */ = {
			isa = PBXGroup;
			children = (
			);
			path = Views;
			sourceTree = "<group>";
		};
		D6CBEA07A62221E6F131E73A /* Pods */ = {
			isa = PBXGroup;
			children = (
				1D19E058FE32AE5E02149D6F /* Pods-uye.debug.xcconfig */,
				12160BFF0D29DE99B9C1AF4D /* Pods-uye.release.xcconfig */,
			);
			name = Pods;
			sourceTree = "<group>";
		};
/* End PBXGroup section */

/* Begin PBXNativeTarget section */
		354E340D1F6CF862009CFCE4 /* uye */ = {
			isa = PBXNativeTarget;
			buildConfigurationList = 354E34201F6CF862009CFCE4 /* Build configuration list for PBXNativeTarget "uye" */;
			buildPhases = (
				A09C7B8BEFDC840751C744CD /* [CP] Check Pods Manifest.lock */,
				354E340A1F6CF862009CFCE4 /* Sources */,
				354E340B1F6CF862009CFCE4 /* Frameworks */,
				354E340C1F6CF862009CFCE4 /* Resources */,
				05753CCCB00FB947D35A8D27 /* [CP] Embed Pods Frameworks */,
				E7DB803A7F6963535ADEB103 /* [CP] Copy Pods Resources */,
			);
			buildRules = (
			);
			dependencies = (
			);
			name = uye;
			productName = uye;
			productReference = 354E340E1F6CF862009CFCE4 /* uye.app */;
			productType = "com.apple.product-type.application";
		};
/* End PBXNativeTarget section */

/* Begin PBXProject section */
		354E34061F6CF862009CFCE4 /* Project object */ = {
			isa = PBXProject;
			attributes = {
				CLASSPREFIX = UY;
				LastSwiftUpdateCheck = 0830;
				LastUpgradeCheck = 0900;
				ORGANIZATIONNAME = BJZT;
				TargetAttributes = {
					354E340D1F6CF862009CFCE4 = {
						CreatedOnToolsVersion = 8.3.3;
						DevelopmentTeam = Y89PUMNVS4;
						LastSwiftMigration = 0900;
						ProvisioningStyle = Automatic;
					};
				};
			};
			buildConfigurationList = 354E34091F6CF862009CFCE4 /* Build configuration list for PBXProject "uye" */;
			compatibilityVersion = "Xcode 3.2";
			developmentRegion = English;
			hasScannedForEncodings = 0;
			knownRegions = (
				en,
				Base,
			);
			mainGroup = 354E34051F6CF862009CFCE4;
			productRefGroup = 354E340F1F6CF862009CFCE4 /* Products */;
			projectDirPath = "";
			projectRoot = "";
			targets = (
				354E340D1F6CF862009CFCE4 /* uye */,
			);
		};
/* End PBXProject section */

/* Begin PBXResourcesBuildPhase section */
		354E340C1F6CF862009CFCE4 /* Resources */ = {
			isa = PBXResourcesBuildPhase;
			buildActionMask = 2147483647;
			files = (
				356521C01F91D5C200175734 /* UYUserTableViewCell.xib in Resources */,
				356521CA1F91E20000175734 /* UYCustomSimpleTableCell.xib in Resources */,
				354E34191F6CF862009CFCE4 /* Assets.xcassets in Resources */,
			);
			runOnlyForDeploymentPostprocessing = 0;
		};
/* End PBXResourcesBuildPhase section */

/* Begin PBXShellScriptBuildPhase section */
		05753CCCB00FB947D35A8D27 /* [CP] Embed Pods Frameworks */ = {
			isa = PBXShellScriptBuildPhase;
			buildActionMask = 2147483647;
			files = (
			);
			inputPaths = (
			);
			name = "[CP] Embed Pods Frameworks";
			outputPaths = (
			);
			runOnlyForDeploymentPostprocessing = 0;
			shellPath = /bin/sh;
			shellScript = "\"${SRCROOT}/Pods/Target Support Files/Pods-uye/Pods-uye-frameworks.sh\"\n";
			showEnvVarsInLog = 0;
		};
		A09C7B8BEFDC840751C744CD /* [CP] Check Pods Manifest.lock */ = {
			isa = PBXShellScriptBuildPhase;
			buildActionMask = 2147483647;
			files = (
			);
			inputPaths = (
			);
			name = "[CP] Check Pods Manifest.lock";
			outputPaths = (
			);
			runOnlyForDeploymentPostprocessing = 0;
			shellPath = /bin/sh;
			shellScript = "diff \"${PODS_PODFILE_DIR_PATH}/Podfile.lock\" \"${PODS_ROOT}/Manifest.lock\" > /dev/null\nif [ $? != 0 ] ; then\n    # print error to STDERR\n    echo \"error: The sandbox is not in sync with the Podfile.lock. Run 'pod install' or update your CocoaPods installation.\" >&2\n    exit 1\nfi\n";
			showEnvVarsInLog = 0;
		};
		E7DB803A7F6963535ADEB103 /* [CP] Copy Pods Resources */ = {
			isa = PBXShellScriptBuildPhase;
			buildActionMask = 2147483647;
			files = (
			);
			inputPaths = (
			);
			name = "[CP] Copy Pods Resources";
			outputPaths = (
			);
			runOnlyForDeploymentPostprocessing = 0;
			shellPath = /bin/sh;
			shellScript = "\"${SRCROOT}/Pods/Target Support Files/Pods-uye/Pods-uye-resources.sh\"\n";
			showEnvVarsInLog = 0;
		};
/* End PBXShellScriptBuildPhase section */

/* Begin PBXSourcesBuildPhase section */
		354E340A1F6CF862009CFCE4 /* Sources */ = {
			isa = PBXSourcesBuildPhase;
			buildActionMask = 2147483647;
			files = (
				3517C13A1F7DF5F1008E49AC /* SRCycleProgressView.swift in Sources */,
				355260A81F6F65FE00F8734A /* UYNetRequest.swift in Sources */,
				3517C1381F7DF5D9008E49AC /* SRToast.swift in Sources */,
				354E34441F6D3CD2009CFCE4 /* UIView+Extension.swift in Sources */,
				3515727B1F9306A600AFCA8F /* UIViewController+Extension.swift in Sources */,
				35D253E81F91E92000945017 /* UIImage+Extension.swift in Sources */,
				354E34501F6D3F9B009CFCE4 /* UYTabBarController.swift in Sources */,
				354E34491F6D3E43009CFCE4 /* UYBaseViewController.swift in Sources */,
				354E34431F6D3CD2009CFCE4 /* UITableViewCell+Extension.swift in Sources */,
				354E34121F6CF862009CFCE4 /* AppDelegate.swift in Sources */,
				354E344C1F6D3ED9009CFCE4 /* UYConfiguration.swift in Sources */,
				354E34471F6D3E11009CFCE4 /* UYNavigationController.swift in Sources */,
				354E34571F6D4284009CFCE4 /* UYWebViewController.swift in Sources */,
				354E343E1F6D3CD2009CFCE4 /* String+Extension.swift in Sources */,
				354D08BF1F90A6770024414E /* UYLocationManager.swift in Sources */,
				355260AC1F6F663300F8734A /* UYRequestManager.swift in Sources */,
				356521C91F91E20000175734 /* UYCustomSimpleTableCell.swift in Sources */,
				3552609D1F6F5D7C00F8734A /* UYHomeViewController.swift in Sources */,
				355260B01F6F665800F8734A /* UYBaseModel.swift in Sources */,
				355260AE1F6F664700F8734A /* UYRequestError.swift in Sources */,
				355260A11F6F5DBE00F8734A /* UYEmployViewController.swift in Sources */,
				354E343F1F6D3CD2009CFCE4 /* UIBarButtonItem+Extension.swift in Sources */,
				35D253E61F91E68800945017 /* UYTableFooterView.swift in Sources */,
				354E34421F6D3CD2009CFCE4 /* UIFont+Extension.swift in Sources */,
				356521BF1F91D5C200175734 /* UYUserTableViewCell.swift in Sources */,
				3552609F1F6F5DB000F8734A /* UYUserViewController.swift in Sources */,
				351AA42F1F8B8EA1000782F7 /* UYHomeModel.swift in Sources */,
				354E34401F6D3CD2009CFCE4 /* UIButton+Extension.swift in Sources */,
				351572781F9303B700AFCA8F /* UYRegisterViewController.swift in Sources */,
				354D08BC1F908C140024414E /* UYUserInfo.swift in Sources */,
				35D253EE1F91F91400945017 /* UYLoginViewController.swift in Sources */,
				35BCD6B11F8E13B900C3469F /* UYOrganiseList.swift in Sources */,
				354E34411F6D3CD2009CFCE4 /* UIColor+Extension.swift in Sources */,
				355260AA1F6F662200F8734A /* UYRequestConfig.swift in Sources */,
			);
			runOnlyForDeploymentPostprocessing = 0;
		};
/* End PBXSourcesBuildPhase section */

/* Begin XCBuildConfiguration section */
		354E341E1F6CF862009CFCE4 /* Debug */ = {
			isa = XCBuildConfiguration;
			baseConfigurationReference = 1D19E058FE32AE5E02149D6F /* Pods-uye.debug.xcconfig */;
			buildSettings = {
				ALWAYS_SEARCH_USER_PATHS = NO;
				CLANG_ANALYZER_NONNULL = YES;
				CLANG_ANALYZER_NUMBER_OBJECT_CONVERSION = YES_AGGRESSIVE;
				CLANG_CXX_LANGUAGE_STANDARD = "gnu++0x";
				CLANG_CXX_LIBRARY = "libc++";
				CLANG_ENABLE_MODULES = YES;
				CLANG_ENABLE_OBJC_ARC = YES;
				CLANG_WARN_BLOCK_CAPTURE_AUTORELEASING = YES;
				CLANG_WARN_BOOL_CONVERSION = YES;
				CLANG_WARN_COMMA = YES;
				CLANG_WARN_CONSTANT_CONVERSION = YES;
				CLANG_WARN_DIRECT_OBJC_ISA_USAGE = YES_ERROR;
				CLANG_WARN_DOCUMENTATION_COMMENTS = YES;
				CLANG_WARN_EMPTY_BODY = YES;
				CLANG_WARN_ENUM_CONVERSION = YES;
				CLANG_WARN_INFINITE_RECURSION = YES;
				CLANG_WARN_INT_CONVERSION = YES;
				CLANG_WARN_NON_LITERAL_NULL_CONVERSION = YES;
				CLANG_WARN_OBJC_LITERAL_CONVERSION = YES;
				CLANG_WARN_OBJC_ROOT_CLASS = YES_ERROR;
				CLANG_WARN_RANGE_LOOP_ANALYSIS = YES;
				CLANG_WARN_STRICT_PROTOTYPES = YES;
				CLANG_WARN_SUSPICIOUS_MOVE = YES;
				CLANG_WARN_UNREACHABLE_CODE = YES;
				CLANG_WARN__DUPLICATE_METHOD_MATCH = YES;
				"CODE_SIGN_IDENTITY[sdk=iphoneos*]" = "iPhone Developer";
				COPY_PHASE_STRIP = NO;
				DEBUG_INFORMATION_FORMAT = dwarf;
				ENABLE_STRICT_OBJC_MSGSEND = YES;
				ENABLE_TESTABILITY = YES;
				GCC_C_LANGUAGE_STANDARD = gnu99;
				GCC_DYNAMIC_NO_PIC = NO;
				GCC_NO_COMMON_BLOCKS = YES;
				GCC_OPTIMIZATION_LEVEL = 0;
				GCC_PREPROCESSOR_DEFINITIONS = (
					"DEBUG=1",
					"$(inherited)",
				);
				GCC_WARN_64_TO_32_BIT_CONVERSION = YES;
				GCC_WARN_ABOUT_RETURN_TYPE = YES_ERROR;
				GCC_WARN_UNDECLARED_SELECTOR = YES;
				GCC_WARN_UNINITIALIZED_AUTOS = YES_AGGRESSIVE;
				GCC_WARN_UNUSED_FUNCTION = YES;
				GCC_WARN_UNUSED_VARIABLE = YES;
				IPHONEOS_DEPLOYMENT_TARGET = 10.3;
				MTL_ENABLE_DEBUG_INFO = YES;
				ONLY_ACTIVE_ARCH = YES;
				SDKROOT = iphoneos;
				SWIFT_ACTIVE_COMPILATION_CONDITIONS = DEBUG;
				SWIFT_OPTIMIZATION_LEVEL = "-Onone";
			};
			name = Debug;
		};
		354E341F1F6CF862009CFCE4 /* Release */ = {
			isa = XCBuildConfiguration;
			baseConfigurationReference = 12160BFF0D29DE99B9C1AF4D /* Pods-uye.release.xcconfig */;
			buildSettings = {
				ALWAYS_SEARCH_USER_PATHS = NO;
				CLANG_ANALYZER_NONNULL = YES;
				CLANG_ANALYZER_NUMBER_OBJECT_CONVERSION = YES_AGGRESSIVE;
				CLANG_CXX_LANGUAGE_STANDARD = "gnu++0x";
				CLANG_CXX_LIBRARY = "libc++";
				CLANG_ENABLE_MODULES = YES;
				CLANG_ENABLE_OBJC_ARC = YES;
				CLANG_WARN_BLOCK_CAPTURE_AUTORELEASING = YES;
				CLANG_WARN_BOOL_CONVERSION = YES;
				CLANG_WARN_COMMA = YES;
				CLANG_WARN_CONSTANT_CONVERSION = YES;
				CLANG_WARN_DIRECT_OBJC_ISA_USAGE = YES_ERROR;
				CLANG_WARN_DOCUMENTATION_COMMENTS = YES;
				CLANG_WARN_EMPTY_BODY = YES;
				CLANG_WARN_ENUM_CONVERSION = YES;
				CLANG_WARN_INFINITE_RECURSION = YES;
				CLANG_WARN_INT_CONVERSION = YES;
				CLANG_WARN_NON_LITERAL_NULL_CONVERSION = YES;
				CLANG_WARN_OBJC_LITERAL_CONVERSION = YES;
				CLANG_WARN_OBJC_ROOT_CLASS = YES_ERROR;
				CLANG_WARN_RANGE_LOOP_ANALYSIS = YES;
				CLANG_WARN_STRICT_PROTOTYPES = YES;
				CLANG_WARN_SUSPICIOUS_MOVE = YES;
				CLANG_WARN_UNREACHABLE_CODE = YES;
				CLANG_WARN__DUPLICATE_METHOD_MATCH = YES;
				"CODE_SIGN_IDENTITY[sdk=iphoneos*]" = "iPhone Developer";
				COPY_PHASE_STRIP = NO;
				DEBUG_INFORMATION_FORMAT = "dwarf-with-dsym";
				ENABLE_NS_ASSERTIONS = NO;
				ENABLE_STRICT_OBJC_MSGSEND = YES;
				GCC_C_LANGUAGE_STANDARD = gnu99;
				GCC_NO_COMMON_BLOCKS = YES;
				GCC_WARN_64_TO_32_BIT_CONVERSION = YES;
				GCC_WARN_ABOUT_RETURN_TYPE = YES_ERROR;
				GCC_WARN_UNDECLARED_SELECTOR = YES;
				GCC_WARN_UNINITIALIZED_AUTOS = YES_AGGRESSIVE;
				GCC_WARN_UNUSED_FUNCTION = YES;
				GCC_WARN_UNUSED_VARIABLE = YES;
				IPHONEOS_DEPLOYMENT_TARGET = 10.3;
				MTL_ENABLE_DEBUG_INFO = NO;
				SDKROOT = iphoneos;
				SWIFT_OPTIMIZATION_LEVEL = "-Owholemodule";
				VALIDATE_PRODUCT = YES;
			};
			name = Release;
		};
		354E34211F6CF862009CFCE4 /* Debug */ = {
			isa = XCBuildConfiguration;
			baseConfigurationReference = 1D19E058FE32AE5E02149D6F /* Pods-uye.debug.xcconfig */;
			buildSettings = {
				ASSETCATALOG_COMPILER_APPICON_NAME = AppIcon;
				ASSETCATALOG_COMPILER_LAUNCHIMAGE_NAME = LaunchImage;
				CLANG_ENABLE_MODULES = YES;
				DEVELOPMENT_TEAM = Y89PUMNVS4;
				FRAMEWORK_SEARCH_PATHS = (
					"$(inherited)",
					"$(PROJECT_DIR)",
				);
				INFOPLIST_FILE = uye/Info.plist;
				IPHONEOS_DEPLOYMENT_TARGET = 9.0;
				LD_RUNPATH_SEARCH_PATHS = "$(inherited) @executable_path/Frameworks";
				PRODUCT_BUNDLE_IDENTIFIER = com.bjzt.uye;
				PRODUCT_NAME = "$(TARGET_NAME)";
				SWIFT_OBJC_BRIDGING_HEADER = "uye/uye-Bridging-Header.h";
				SWIFT_OPTIMIZATION_LEVEL = "-Onone";
				SWIFT_SWIFT3_OBJC_INFERENCE = Off;
				SWIFT_VERSION = 4.0;
			};
			name = Debug;
		};
		354E34221F6CF862009CFCE4 /* Release */ = {
			isa = XCBuildConfiguration;
			baseConfigurationReference = 12160BFF0D29DE99B9C1AF4D /* Pods-uye.release.xcconfig */;
			buildSettings = {
				ASSETCATALOG_COMPILER_APPICON_NAME = AppIcon;
				ASSETCATALOG_COMPILER_LAUNCHIMAGE_NAME = LaunchImage;
				CLANG_ENABLE_MODULES = YES;
				DEVELOPMENT_TEAM = Y89PUMNVS4;
				FRAMEWORK_SEARCH_PATHS = (
					"$(inherited)",
					"$(PROJECT_DIR)",
				);
				INFOPLIST_FILE = uye/Info.plist;
				IPHONEOS_DEPLOYMENT_TARGET = 9.0;
				LD_RUNPATH_SEARCH_PATHS = "$(inherited) @executable_path/Frameworks";
				PRODUCT_BUNDLE_IDENTIFIER = com.bjzt.uye;
				PRODUCT_NAME = "$(TARGET_NAME)";
				SWIFT_OBJC_BRIDGING_HEADER = "uye/uye-Bridging-Header.h";
				SWIFT_SWIFT3_OBJC_INFERENCE = Off;
				SWIFT_VERSION = 4.0;
			};
			name = Release;
		};
/* End XCBuildConfiguration section */

/* Begin XCConfigurationList section */
		354E34091F6CF862009CFCE4 /* Build configuration list for PBXProject "uye" */ = {
			isa = XCConfigurationList;
			buildConfigurations = (
				354E341E1F6CF862009CFCE4 /* Debug */,
				354E341F1F6CF862009CFCE4 /* Release */,
			);
			defaultConfigurationIsVisible = 0;
			defaultConfigurationName = Release;
		};
		354E34201F6CF862009CFCE4 /* Build configuration list for PBXNativeTarget "uye" */ = {
			isa = XCConfigurationList;
			buildConfigurations = (
				354E34211F6CF862009CFCE4 /* Debug */,
				354E34221F6CF862009CFCE4 /* Release */,
			);
			defaultConfigurationIsVisible = 0;
			defaultConfigurationName = Release;
		};
/* End XCConfigurationList section */
	};
	rootObject = 354E34061F6CF862009CFCE4 /* Project object */;
}
